
Microsoft Visual Studio Solution File, Format Version 12.00
# Visual Studio Version 16
VisualStudioVersion = 16.0.31624.102
MinimumVisualStudioVersion = 10.0.40219.1
Project("{FAE04EC0-301F-11D3-BF4B-00C04F79EFBC}") = "unit5.6(final task)", "unit5.6(final task)\unit5.6(final task).csproj", "{A27516A9-BE9E-432A-BEBA-27EE42213671}"
EndProject
Global
	GlobalSection(SolutionConfigurationPlatforms) = preSolution
		Debug|Any CPU = Debug|Any CPU
		Release|Any CPU = Release|Any CPU
	EndGlobalSection
	GlobalSection(ProjectConfigurationPlatforms) = postSolution
		{A27516A9-BE9E-432A-BEBA-27EE42213671}.Debug|Any CPU.ActiveCfg = Debug|Any CPU
		{A27516A9-BE9E-432A-BEBA-27EE42213671}.Debug|Any CPU.Build.0 = Debug|Any CPU
		{A27516A9-BE9E-432A-BEBA-27EE42213671}.Release|Any CPU.ActiveCfg = Release|Any CPU
		{A27516A9-BE9E-432A-BEBA-27EE42213671}.Release|Any CPU.Build.0 = Release|Any CPU
	EndGlobalSection
	GlobalSection(SolutionProperties) = preSolution
		HideSolutionNode = FALSE
	EndGlobalSection
	GlobalSection(ExtensibilityGlobals) = postSolution
		SolutionGuid = {FE983F41-83A9-4462-9C8E-95D35EE9F1B0}
	EndGlobalSection
EndGlobal
